
Microsoft Visual Studio Solution File, Format Version 12.00
# Visual Studio Version 17
VisualStudioVersion = 17.8.34316.72
MinimumVisualStudioVersion = 10.0.40219.1
Project("{FAE04EC0-301F-11D3-BF4B-00C04F79EFBC}") = "Net8KafkaGetStarted", "Net8KafkaGetStarted.csproj", "{37CBD0F4-C09E-4A15-9462-48A8B1B33069}"
EndProject
Global
	GlobalSection(SolutionConfigurationPlatforms) = preSolution
		Debug|Any CPU = Debug|Any CPU
		Release|Any CPU = Release|Any CPU
	EndGlobalSection
	GlobalSection(ProjectConfigurationPlatforms) = postSolution
		{37CBD0F4-C09E-4A15-9462-48A8B1B33069}.Debug|Any CPU.ActiveCfg = Debug|Any CPU
		{37CBD0F4-C09E-4A15-9462-48A8B1B33069}.Debug|Any CPU.Build.0 = Debug|Any CPU
		{37CBD0F4-C09E-4A15-9462-48A8B1B33069}.Release|Any CPU.ActiveCfg = Release|Any CPU
		{37CBD0F4-C09E-4A15-9462-48A8B1B33069}.Release|Any CPU.Build.0 = Release|Any CPU
	EndGlobalSection
	GlobalSection(SolutionProperties) = preSolution
		HideSolutionNode = FALSE
	EndGlobalSection
	GlobalSection(ExtensibilityGlobals) = postSolution
		SolutionGuid = {35986602-991C-4343-8F6F-70DBC29C1F7E}
	EndGlobalSection
EndGlobal
